
Microsoft Visual Studio Solution File, Format Version 12.00
# Visual Studio 14
VisualStudioVersion = 14.0.24720.0
MinimumVisualStudioVersion = 10.0.40219.1
Project("{FAE04EC0-301F-11D3-BF4B-00C04F79EFBC}") = "Weather_Monitor", "Weather_Monitor\Weather_Monitor.csproj", "{66D77867-5A56-46C8-B221-E904D2ABB36B}"
EndProject
Project("{FAE04EC0-301F-11D3-BF4B-00C04F79EFBC}") = "Weather_Mointor_Test", "Weather_Mointor_Test\Weather_Mointor_Test.csproj", "{58F4E582-2A13-4889-AB34-E53FC3CF9E46}"
EndProject
Global
	GlobalSection(SolutionConfigurationPlatforms) = preSolution
		Debug|Any CPU = Debug|Any CPU
		Release|Any CPU = Release|Any CPU
	EndGlobalSection
	GlobalSection(ProjectConfigurationPlatforms) = postSolution
		{66D77867-5A56-46C8-B221-E904D2ABB36B}.Debug|Any CPU.ActiveCfg = Debug|Any CPU
		{66D77867-5A56-46C8-B221-E904D2ABB36B}.Debug|Any CPU.Build.0 = Debug|Any CPU
		{66D77867-5A56-46C8-B221-E904D2ABB36B}.Release|Any CPU.ActiveCfg = Release|Any CPU
		{66D77867-5A56-46C8-B221-E904D2ABB36B}.Release|Any CPU.Build.0 = Release|Any CPU
		{58F4E582-2A13-4889-AB34-E53FC3CF9E46}.Debug|Any CPU.ActiveCfg = Debug|Any CPU
		{58F4E582-2A13-4889-AB34-E53FC3CF9E46}.Debug|Any CPU.Build.0 = Debug|Any CPU
		{58F4E582-2A13-4889-AB34-E53FC3CF9E46}.Release|Any CPU.ActiveCfg = Release|Any CPU
		{58F4E582-2A13-4889-AB34-E53FC3CF9E46}.Release|Any CPU.Build.0 = Release|Any CPU
	EndGlobalSection
	GlobalSection(SolutionProperties) = preSolution
		HideSolutionNode = FALSE
	EndGlobalSection
EndGlobal
